# THIS IS AN AUTOGENERATED FILE. DO NOT EDIT THIS FILE DIRECTLY.
# yarn lockfile v1


"@types/command-line-args@^4.0.2":
  version "4.0.2"
  resolved "https://registry.yarnpkg.com/@types/command-line-args/-/command-line-args-4.0.2.tgz#bbb7568685bbcd9c69b46c9e6a3f6411890735c8"

"@types/node@^9.3.0":
  version "9.3.0"
  resolved "https://registry.yarnpkg.com/@types/node/-/node-9.3.0.tgz#3a129cda7c4e5df2409702626892cb4b96546dd5"

array-back@^1.0.3, array-back@^1.0.4:
  version "1.0.4"
  resolved "https://registry.yarnpkg.com/array-back/-/array-back-1.0.4.tgz#644ba7f095f7ffcf7c43b5f0dc39d3c1f03c063b"
  dependencies:
    typical "^2.6.0"

array-back@^2.0.0:
  version "2.0.0"
  resolved "https://registry.yarnpkg.com/array-back/-/array-back-2.0.0.tgz#6877471d51ecc9c9bfa6136fb6c7d5fe69748022"
  dependencies:
    typical "^2.6.1"

avro-typescript@^0.0.5:
  version "0.0.5"
  resolved "https://registry.yarnpkg.com/avro-typescript/-/avro-typescript-0.0.5.tgz#8fd4080651704cb8a251380c621cf727d1536a9d"

command-line-args@^4.0.7:
  version "4.0.7"
  resolved "https://registry.yarnpkg.com/command-line-args/-/command-line-args-4.0.7.tgz#f8d1916ecb90e9e121eda6428e41300bfb64cc46"
  dependencies:
    array-back "^2.0.0"
    find-replace "^1.0.3"
    typical "^2.6.1"

find-replace@^1.0.3:
  version "1.0.3"
  resolved "https://registry.yarnpkg.com/find-replace/-/find-replace-1.0.3.tgz#b88e7364d2d9c959559f388c66670d6130441fa0"
  dependencies:
    array-back "^1.0.4"
    test-value "^2.1.0"

fs@^0.0.1-security:
  version "0.0.1-security"
  resolved "https://registry.yarnpkg.com/fs/-/fs-0.0.1-security.tgz#8a7bd37186b6dddf3813f23858b57ecaaf5e41d4"

test-value@^2.1.0:
  version "2.1.0"
  resolved "https://registry.yarnpkg.com/test-value/-/test-value-2.1.0.tgz#11da6ff670f3471a73b625ca4f3fdcf7bb748291"
  dependencies:
    array-back "^1.0.3"
    typical "^2.6.0"

typical@^2.6.0, typical@^2.6.1:
  version "2.6.1"
  resolved "https://registry.yarnpkg.com/typical/-/typical-2.6.1.tgz#5c080e5d661cbbe38259d2e70a3c7253e873881d"
